[[package]]
name = "pyside6"
version = "6.2.1"
description = "Python bindings for the Qt cross-platform application and UI framework"
category = "main"
optional = false
python-versions = ">=3.6, <3.11"

[package.dependencies]
shiboken6 = "6.2.1"

[[package]]
name = "shiboken6"
version = "6.2.1"
description = "Python / C++ bindings helper module"
category = "main"
optional = false
python-versions = ">=3.6, <3.11"

[metadata]
lock-version = "1.1"
python-versions = "3.9.9"
content-hash = "1a9735f9941adcdd57c10b5d9266266ea9626627f84b2f299afc765f8a8e91a7"

[metadata.files]
pyside6 = [
    {file = "PySide6-6.2.1-6.2.1-cp36.cp37.cp38.cp39.cp310-abi3-macosx_10_14_x86_64.whl", hash = "sha256:f1ac2cd8b9712d2a2fbe0780a895afc0d4cdb7869d698d64ea75bde6b862ed8a"},
    {file = "PySide6-6.2.1-6.2.1-cp36.cp37.cp38.cp39.cp310-abi3-manylinux1_x86_64.whl", hash = "sha256:8fd5a9d0948392098f293a82ecf44d3daf347704e8058c654b4b5fdd2d96ee68"},
    {file = "PySide6-6.2.1-6.2.1-cp36.cp37.cp38.cp39.cp310-none-win_amd64.whl", hash = "sha256:9e2397584304c3d3084dabae0571bd879f0b12145ec81a31873872a26abd9010"},
]
shiboken6 = [
    {file = "shiboken6-6.2.1-6.2.1-cp36.cp37.cp38.cp39.cp310-abi3-macosx_10_14_x86_64.whl", hash = "sha256:6f89e4725eb19898bfbc717b593f94398c68c4224e8b2631077b623080e0b8f5"},
    {file = "shiboken6-6.2.1-6.2.1-cp36.cp37.cp38.cp39.cp310-abi3-manylinux1_x86_64.whl", hash = "sha256:fe719fe5084be5e39802035e668de85899cfd9ee7b5a65729efb59f703258b51"},
    {file = "shiboken6-6.2.1-6.2.1-cp36.cp37.cp38.cp39.cp310-none-win_amd64.whl", hash = "sha256:7cb9713ae9c1bf69ad6592b4ce939a4e9c148aaf2c01445e0a13fd7f8490d55e"},
]
